
Microsoft Visual Studio Solution File, Format Version 12.00
# Visual Studio Version 17
VisualStudioVersion = 17.6.33723.286
MinimumVisualStudioVersion = 10.0.40219.1
Project("{9A19103F-16F7-4668-BE54-9A1E7A4F7556}") = "Gestion_de_Stock", "Gestion_de_Stock.csproj", "{43CF5F0A-81E8-4147-BD76-F183492F6496}"
EndProject
Project("{FAE04EC0-301F-11D3-BF4B-00C04F79EFBC}") = "DataBaseStock", "..\DataBaseStock\DataBaseStock.csproj", "{8770B49B-ECD4-4CC4-9C17-013C2707B363}"
EndProject
Global
	GlobalSection(SolutionConfigurationPlatforms) = preSolution
		Debug|Any CPU = Debug|Any CPU
		Release|Any CPU = Release|Any CPU
	EndGlobalSection
	GlobalSection(ProjectConfigurationPlatforms) = postSolution
		{43CF5F0A-81E8-4147-BD76-F183492F6496}.Debug|Any CPU.ActiveCfg = Debug|Any CPU
		{43CF5F0A-81E8-4147-BD76-F183492F6496}.Debug|Any CPU.Build.0 = Debug|Any CPU
		{43CF5F0A-81E8-4147-BD76-F183492F6496}.Release|Any CPU.ActiveCfg = Release|Any CPU
		{43CF5F0A-81E8-4147-BD76-F183492F6496}.Release|Any CPU.Build.0 = Release|Any CPU
		{8770B49B-ECD4-4CC4-9C17-013C2707B363}.Debug|Any CPU.ActiveCfg = Debug|Any CPU
		{8770B49B-ECD4-4CC4-9C17-013C2707B363}.Debug|Any CPU.Build.0 = Debug|Any CPU
		{8770B49B-ECD4-4CC4-9C17-013C2707B363}.Release|Any CPU.ActiveCfg = Release|Any CPU
		{8770B49B-ECD4-4CC4-9C17-013C2707B363}.Release|Any CPU.Build.0 = Release|Any CPU
	EndGlobalSection
	GlobalSection(SolutionProperties) = preSolution
		HideSolutionNode = FALSE
	EndGlobalSection
	GlobalSection(ExtensibilityGlobals) = postSolution
		SolutionGuid = {7C75FBDC-87E5-4C7E-A99A-5AC83A55C1E9}
	EndGlobalSection
EndGlobal
